// !$*UTF8*$!
{
	archiveVersion = 1;
	classes = {
	};
	objectVersion = 48;
	objects = {

/* Begin PBXBuildFile section */
		1B24F3A72007967800FA5EC9 /* AppDelegate.swift in Sources */ = {isa = PBXBuildFile; fileRef = 1B24F3A62007967800FA5EC9 /* AppDelegate.swift */; };
		1B24F3AC2007967800FA5EC9 /* Main.storyboard in Resources */ = {isa = PBXBuildFile; fileRef = 1B24F3AA2007967800FA5EC9 /* Main.storyboard */; };
		1B24F3AE2007967800FA5EC9 /* Assets.xcassets in Resources */ = {isa = PBXBuildFile; fileRef = 1B24F3AD2007967800FA5EC9 /* Assets.xcassets */; };
		1B24F3B12007967800FA5EC9 /* LaunchScreen.storyboard in Resources */ = {isa = PBXBuildFile; fileRef = 1B24F3AF2007967800FA5EC9 /* LaunchScreen.storyboard */; };
		1B24F3B9200796BA00FA5EC9 /* MenuViewController.swift in Sources */ = {isa = PBXBuildFile; fileRef = 1B24F3B8200796BA00FA5EC9 /* MenuViewController.swift */; };
		1B24F3BB2007980700FA5EC9 /* FlipCardsViewController.swift in Sources */ = {isa = PBXBuildFile; fileRef = 1B24F3BA2007980700FA5EC9 /* FlipCardsViewController.swift */; };
		1B24F3BD20079A1100FA5EC9 /* ResultViewController.swift in Sources */ = {isa = PBXBuildFile; fileRef = 1B24F3BC20079A1100FA5EC9 /* ResultViewController.swift */; };
		1B24F3C020079DB400FA5EC9 /* CollectionViewCell.swift in Sources */ = {isa = PBXBuildFile; fileRef = 1B24F3BF20079DB400FA5EC9 /* CollectionViewCell.swift */; };
/* End PBXBuildFile section */

/* Begin PBXFileReference section */
		1B24F3A32007967800FA5EC9 /* GameStep2.app */ = {isa = PBXFileReference; explicitFileType = wrapper.application; includeInIndex = 0; path = GameStep2.app; sourceTree = BUILT_PRODUCTS_DIR; };
		1B24F3A62007967800FA5EC9 /* AppDelegate.swift */ = {isa = PBXFileReference; lastKnownFileType = sourcecode.swift; path = AppDelegate.swift; sourceTree = "<group>"; };
		1B24F3AB2007967800FA5EC9 /* Base */ = {isa = PBXFileReference; lastKnownFileType = file.storyboard; name = Base; path = Base.lproj/Main.storyboard; sourceTree = "<group>"; };
		1B24F3AD2007967800FA5EC9 /* Assets.xcassets */ = {isa = PBXFileReference; lastKnownFileType = folder.assetcatalog; path = Assets.xcassets; sourceTree = "<group>"; };
		1B24F3B02007967800FA5EC9 /* Base */ = {isa = PBXFileReference; lastKnownFileType = file.storyboard; name = Base; path = Base.lproj/LaunchScreen.storyboard; sourceTree = "<group>"; };
		1B24F3B22007967800FA5EC9 /* Info.plist */ = {isa = PBXFileReference; lastKnownFileType = text.plist.xml; path = Info.plist; sourceTree = "<group>"; };
		1B24F3B8200796BA00FA5EC9 /* MenuViewController.swift */ = {isa = PBXFileReference; lastKnownFileType = sourcecode.swift; path = MenuViewController.swift; sourceTree = "<group>"; };
		1B24F3BA2007980700FA5EC9 /* FlipCardsViewController.swift */ = {isa = PBXFileReference; lastKnownFileType = sourcecode.swift; path = FlipCardsViewController.swift; sourceTree = "<group>"; };
		1B24F3BC20079A1100FA5EC9 /* ResultViewController.swift */ = {isa = PBXFileReference; lastKnownFileType = sourcecode.swift; path = ResultViewController.swift; sourceTree = "<group>"; };
		1B24F3BF20079DB400FA5EC9 /* CollectionViewCell.swift */ = {isa = PBXFileReference; lastKnownFileType = sourcecode.swift; path = CollectionViewCell.swift; sourceTree = "<group>"; };
/* End PBXFileReference section */

/* Begin PBXFrameworksBuildPhase section */
		1B24F3A02007967800FA5EC9 /* Frameworks */ = {
			isa = PBXFrameworksBuildPhase;
			buildActionMask = 2147483647;
			files = (
			);
			runOnlyForDeploymentPostprocessing = 0;
		};
/* End PBXFrameworksBuildPhase section */

/* Begin PBXGroup section */
		1B24F39A2007967800FA5EC9 = {
			isa = PBXGroup;
			children = (
				1B24F3A52007967800FA5EC9 /* GameStep2 */,
				1B24F3A42007967800FA5EC9 /* Products */,
			);
			sourceTree = "<group>";
		};
		1B24F3A42007967800FA5EC9 /* Products */ = {
			isa = PBXGroup;
			children = (
				1B24F3A32007967800FA5EC9 /* GameStep2.app */,
			);
			name = Products;
			sourceTree = "<group>";
		};
		1B24F3A52007967800FA5EC9 /* GameStep2 */ = {
			isa = PBXGroup;
			children = (
				1B24F3BE20079A4100FA5EC9 /* Suporting Files */,
				1B24F3B8200796BA00FA5EC9 /* MenuViewController.swift */,
				1B24F3BA2007980700FA5EC9 /* FlipCardsViewController.swift */,
				1B24F3BC20079A1100FA5EC9 /* ResultViewController.swift */,
				1B24F3AA2007967800FA5EC9 /* Main.storyboard */,
				1B24F3BF20079DB400FA5EC9 /* CollectionViewCell.swift */,
				1B24F3B22007967800FA5EC9 /* Info.plist */,
			);
			path = GameStep2;
			sourceTree = "<group>";
		};
		1B24F3BE20079A4100FA5EC9 /* Suporting Files */ = {
			isa = PBXGroup;
			children = (
				1B24F3A62007967800FA5EC9 /* AppDelegate.swift */,
				1B24F3AD2007967800FA5EC9 /* Assets.xcassets */,
				1B24F3AF2007967800FA5EC9 /* LaunchScreen.storyboard */,
			);
			path = "Suporting Files";
			sourceTree = "<group>";
		};
/* End PBXGroup section */

/* Begin PBXNativeTarget section */
		1B24F3A22007967800FA5EC9 /* GameStep2 */ = {
			isa = PBXNativeTarget;
			buildConfigurationList = 1B24F3B52007967800FA5EC9 /* Build configuration list for PBXNativeTarget "GameStep2" */;
			buildPhases = (
				1B24F39F2007967800FA5EC9 /* Sources */,
				1B24F3A02007967800FA5EC9 /* Frameworks */,
				1B24F3A12007967800FA5EC9 /* Resources */,
			);
			buildRules = (
			);
			dependencies = (
			);
			name = GameStep2;
			productName = GameStep2;
			productReference = 1B24F3A32007967800FA5EC9 /* GameStep2.app */;
			productType = "com.apple.product-type.application";
		};
/* End PBXNativeTarget section */

/* Begin PBXProject section */
		1B24F39B2007967800FA5EC9 /* Project object */ = {
			isa = PBXProject;
			attributes = {
				LastSwiftUpdateCheck = 0920;
				LastUpgradeCheck = 0920;
				ORGANIZATIONNAME = "Володимир Смульський";
				TargetAttributes = {
					1B24F3A22007967800FA5EC9 = {
						CreatedOnToolsVersion = 9.2;
						ProvisioningStyle = Automatic;
					};
				};
			};
			buildConfigurationList = 1B24F39E2007967800FA5EC9 /* Build configuration list for PBXProject "GameStep2" */;
			compatibilityVersion = "Xcode 8.0";
			developmentRegion = en;
			hasScannedForEncodings = 0;
			knownRegions = (
				en,
				Base,
			);
			mainGroup = 1B24F39A2007967800FA5EC9;
			productRefGroup = 1B24F3A42007967800FA5EC9 /* Products */;
			projectDirPath = "";
			projectRoot = "";
			targets = (
				1B24F3A22007967800FA5EC9 /* GameStep2 */,
			);
		};
/* End PBXProject section */

/* Begin PBXResourcesBuildPhase section */
		1B24F3A12007967800FA5EC9 /* Resources */ = {
			isa = PBXResourcesBuildPhase;
			buildActionMask = 2147483647;
			files = (
				1B24F3B12007967800FA5EC9 /* LaunchScreen.storyboard in Resources */,
				1B24F3AE2007967800FA5EC9 /* Assets.xcassets in Resources */,
				1B24F3AC2007967800FA5EC9 /* Main.storyboard in Resources */,
			);
			runOnlyForDeploymentPostprocessing = 0;
		};
/* End PBXResourcesBuildPhase section */

/* Begin PBXSourcesBuildPhase section */
		1B24F39F2007967800FA5EC9 /* Sources */ = {
			isa = PBXSourcesBuildPhase;
			buildActionMask = 2147483647;
			files = (
				1B24F3C020079DB400FA5EC9 /* CollectionViewCell.swift in Sources */,
				1B24F3BB2007980700FA5EC9 /* FlipCardsViewController.swift in Sources */,
				1B24F3A72007967800FA5EC9 /* AppDelegate.swift in Sources */,
				1B24F3B9200796BA00FA5EC9 /* MenuViewController.swift in Sources */,
				1B24F3BD20079A1100FA5EC9 /* ResultViewController.swift in Sources */,
			);
			runOnlyForDeploymentPostprocessing = 0;
		};
/* End PBXSourcesBuildPhase section */

/* Begin PBXVariantGroup section */
		1B24F3AA2007967800FA5EC9 /* Main.storyboard */ = {
			isa = PBXVariantGroup;
			children = (
				1B24F3AB2007967800FA5EC9 /* Base */,
			);
			name = Main.storyboard;
			sourceTree = "<group>";
		};
		1B24F3AF2007967800FA5EC9 /* LaunchScreen.storyboard */ = {
			isa = PBXVariantGroup;
			children = (
				1B24F3B02007967800FA5EC9 /* Base */,
			);
			name = LaunchScreen.storyboard;
			sourceTree = "<group>";
		};
/* End PBXVariantGroup section */

/* Begin XCBuildConfiguration section */
		1B24F3B32007967800FA5EC9 /* Debug */ = {
			isa = XCBuildConfiguration;
			buildSettings = {
				ALWAYS_SEARCH_USER_PATHS = NO;
				CLANG_ANALYZER_NONNULL = YES;
				CLANG_ANALYZER_NUMBER_OBJECT_CONVERSION = YES_AGGRESSIVE;
				CLANG_CXX_LANGUAGE_STANDARD = "gnu++14";
				CLANG_CXX_LIBRARY = "libc++";
				CLANG_ENABLE_MODULES = YES;
				CLANG_ENABLE_OBJC_ARC = YES;
				CLANG_WARN_BLOCK_CAPTURE_AUTORELEASING = YES;
				CLANG_WARN_BOOL_CONVERSION = YES;
				CLANG_WARN_COMMA = YES;
				CLANG_WARN_CONSTANT_CONVERSION = YES;
				CLANG_WARN_DIRECT_OBJC_ISA_USAGE = YES_ERROR;
				CLANG_WARN_DOCUMENTATION_COMMENTS = YES;
				CLANG_WARN_EMPTY_BODY = YES;
				CLANG_WARN_ENUM_CONVERSION = YES;
				CLANG_WARN_INFINITE_RECURSION = YES;
				CLANG_WARN_INT_CONVERSION = YES;
				CLANG_WARN_NON_LITERAL_NULL_CONVERSION = YES;
				CLANG_WARN_OBJC_LITERAL_CONVERSION = YES;
				CLANG_WARN_OBJC_ROOT_CLASS = YES_ERROR;
				CLANG_WARN_RANGE_LOOP_ANALYSIS = YES;
				CLANG_WARN_STRICT_PROTOTYPES = YES;
				CLANG_WARN_SUSPICIOUS_MOVE = YES;
				CLANG_WARN_UNGUARDED_AVAILABILITY = YES_AGGRESSIVE;
				CLANG_WARN_UNREACHABLE_CODE = YES;
				CLANG_WARN__DUPLICATE_METHOD_MATCH = YES;
				CODE_SIGN_IDENTITY = "iPhone Developer";
				COPY_PHASE_STRIP = NO;
				DEBUG_INFORMATION_FORMAT = dwarf;
				ENABLE_STRICT_OBJC_MSGSEND = YES;
				ENABLE_TESTABILITY = YES;
				GCC_C_LANGUAGE_STANDARD = gnu11;
				GCC_DYNAMIC_NO_PIC = NO;
				GCC_NO_COMMON_BLOCKS = YES;
				GCC_OPTIMIZATION_LEVEL = 0;
				GCC_PREPROCESSOR_DEFINITIONS = (
					"DEBUG=1",
					"$(inherited)",
				);
				GCC_WARN_64_TO_32_BIT_CONVERSION = YES;
				GCC_WARN_ABOUT_RETURN_TYPE = YES_ERROR;
				GCC_WARN_UNDECLARED_SELECTOR = YES;
				GCC_WARN_UNINITIALIZED_AUTOS = YES_AGGRESSIVE;
				GCC_WARN_UNUSED_FUNCTION = YES;
				GCC_WARN_UNUSED_VARIABLE = YES;
				IPHONEOS_DEPLOYMENT_TARGET = 11.2;
				MTL_ENABLE_DEBUG_INFO = YES;
				ONLY_ACTIVE_ARCH = YES;
				SDKROOT = iphoneos;
				SWIFT_ACTIVE_COMPILATION_CONDITIONS = DEBUG;
				SWIFT_OPTIMIZATION_LEVEL = "-Onone";
			};
			name = Debug;
		};
		1B24F3B42007967800FA5EC9 /* Release */ = {
			isa = XCBuildConfiguration;
			buildSettings = {
				ALWAYS_SEARCH_USER_PATHS = NO;
				CLANG_ANALYZER_NONNULL = YES;
				CLANG_ANALYZER_NUMBER_OBJECT_CONVERSION = YES_AGGRESSIVE;
				CLANG_CXX_LANGUAGE_STANDARD = "gnu++14";
				CLANG_CXX_LIBRARY = "libc++";
				CLANG_ENABLE_MODULES = YES;
				CLANG_ENABLE_OBJC_ARC = YES;
				CLANG_WARN_BLOCK_CAPTURE_AUTORELEASING = YES;
				CLANG_WARN_BOOL_CONVERSION = YES;
				CLANG_WARN_COMMA = YES;
				CLANG_WARN_CONSTANT_CONVERSION = YES;
				CLANG_WARN_DIRECT_OBJC_ISA_USAGE = YES_ERROR;
				CLANG_WARN_DOCUMENTATION_COMMENTS = YES;
				CLANG_WARN_EMPTY_BODY = YES;
				CLANG_WARN_ENUM_CONVERSION = YES;
				CLANG_WARN_INFINITE_RECURSION = YES;
				CLANG_WARN_INT_CONVERSION = YES;
				CLANG_WARN_NON_LITERAL_NULL_CONVERSION = YES;
				CLANG_WARN_OBJC_LITERAL_CONVERSION = YES;
				CLANG_WARN_OBJC_ROOT_CLASS = YES_ERROR;
				CLANG_WARN_RANGE_LOOP_ANALYSIS = YES;
				CLANG_WARN_STRICT_PROTOTYPES = YES;
				CLANG_WARN_SUSPICIOUS_MOVE = YES;
				CLANG_WARN_UNGUARDED_AVAILABILITY = YES_AGGRESSIVE;
				CLANG_WARN_UNREACHABLE_CODE = YES;
				CLANG_WARN__DUPLICATE_METHOD_MATCH = YES;
				CODE_SIGN_IDENTITY = "iPhone Developer";
				COPY_PHASE_STRIP = NO;
				DEBUG_INFORMATION_FORMAT = "dwarf-with-dsym";
				ENABLE_NS_ASSERTIONS = NO;
				ENABLE_STRICT_OBJC_MSGSEND = YES;
				GCC_C_LANGUAGE_STANDARD = gnu11;
				GCC_NO_COMMON_BLOCKS = YES;
				GCC_WARN_64_TO_32_BIT_CONVERSION = YES;
				GCC_WARN_ABOUT_RETURN_TYPE = YES_ERROR;
				GCC_WARN_UNDECLARED_SELECTOR = YES;
				GCC_WARN_UNINITIALIZED_AUTOS = YES_AGGRESSIVE;
				GCC_WARN_UNUSED_FUNCTION = YES;
				GCC_WARN_UNUSED_VARIABLE = YES;
				IPHONEOS_DEPLOYMENT_TARGET = 11.2;
				MTL_ENABLE_DEBUG_INFO = NO;
				SDKROOT = iphoneos;
				SWIFT_OPTIMIZATION_LEVEL = "-Owholemodule";
				VALIDATE_PRODUCT = YES;
			};
			name = Release;
		};
		1B24F3B62007967800FA5EC9 /* Debug */ = {
			isa = XCBuildConfiguration;
			buildSettings = {
				ASSETCATALOG_COMPILER_APPICON_NAME = AppIcon;
				CODE_SIGN_STYLE = Automatic;
				DEVELOPMENT_TEAM = 3W6QZF2EK2;
				INFOPLIST_FILE = GameStep2/Info.plist;
				LD_RUNPATH_SEARCH_PATHS = "$(inherited) @executable_path/Frameworks";
				PRODUCT_BUNDLE_IDENTIFIER = ExportProfile.developerprofile.trying.GameStep1;
				PRODUCT_NAME = "$(TARGET_NAME)";
				SWIFT_VERSION = 4.0;
				TARGETED_DEVICE_FAMILY = "1,2";
			};
			name = Debug;
		};
		1B24F3B72007967800FA5EC9 /* Release */ = {
			isa = XCBuildConfiguration;
			buildSettings = {
				ASSETCATALOG_COMPILER_APPICON_NAME = AppIcon;
				CODE_SIGN_STYLE = Automatic;
				DEVELOPMENT_TEAM = 3W6QZF2EK2;
				INFOPLIST_FILE = GameStep2/Info.plist;
				LD_RUNPATH_SEARCH_PATHS = "$(inherited) @executable_path/Frameworks";
				PRODUCT_BUNDLE_IDENTIFIER = ExportProfile.developerprofile.trying.GameStep1;
				PRODUCT_NAME = "$(TARGET_NAME)";
				SWIFT_VERSION = 4.0;
				TARGETED_DEVICE_FAMILY = "1,2";
			};
			name = Release;
		};
/* End XCBuildConfiguration section */

/* Begin XCConfigurationList section */
		1B24F39E2007967800FA5EC9 /* Build configuration list for PBXProject "GameStep2" */ = {
			isa = XCConfigurationList;
			buildConfigurations = (
				1B24F3B32007967800FA5EC9 /* Debug */,
				1B24F3B42007967800FA5EC9 /* Release */,
			);
			defaultConfigurationIsVisible = 0;
			defaultConfigurationName = Release;
		};
		1B24F3B52007967800FA5EC9 /* Build configuration list for PBXNativeTarget "GameStep2" */ = {
			isa = XCConfigurationList;
			buildConfigurations = (
				1B24F3B62007967800FA5EC9 /* Debug */,
				1B24F3B72007967800FA5EC9 /* Release */,
			);
			defaultConfigurationIsVisible = 0;
			defaultConfigurationName = Release;
		};
/* End XCConfigurationList section */
	};
	rootObject = 1B24F39B2007967800FA5EC9 /* Project object */;
}
